
Microsoft Visual Studio Solution File, Format Version 12.00
# Visual Studio Version 17
VisualStudioVersion = 17.7.34221.43
MinimumVisualStudioVersion = 10.0.40219.1
Project("{FAE04EC0-301F-11D3-BF4B-00C04F79EFBC}") = "HotelGame.Entities", "HotelGame.Entities\HotelGame.Entities.csproj", "{87FBCEE6-05F6-4DA6-B706-79CD0FACA52D}"
EndProject
Project("{FAE04EC0-301F-11D3-BF4B-00C04F79EFBC}") = "HotelGame.Business", "HotelGame.Business\HotelGame.Business.csproj", "{27752073-B3D0-4355-A070-AA6C3D857F55}"
EndProject
Project("{FAE04EC0-301F-11D3-BF4B-00C04F79EFBC}") = "HotelGame.DataAccess", "HotelGame.DataAccess\HotelGame.DataAccess.csproj", "{2E8FCD46-0A65-47D1-BC6F-512217EB292A}"
EndProject
Project("{FAE04EC0-301F-11D3-BF4B-00C04F79EFBC}") = "HotelGame.Core", "HotelGame.Core\HotelGame.Core.csproj", "{09726E26-AF2C-4D8F-97E4-96DF82BFE31B}"
EndProject
Project("{FAE04EC0-301F-11D3-BF4B-00C04F79EFBC}") = "HotelGame.WebMVC", "HotelGame.WebMVC\HotelGame.WebMVC.csproj", "{CC20F2D3-0F97-4D8A-9749-B14DBF5F315A}"
EndProject
Global
	GlobalSection(SolutionConfigurationPlatforms) = preSolution
		Debug|Any CPU = Debug|Any CPU
		Release|Any CPU = Release|Any CPU
	EndGlobalSection
	GlobalSection(ProjectConfigurationPlatforms) = postSolution
		{87FBCEE6-05F6-4DA6-B706-79CD0FACA52D}.Debug|Any CPU.ActiveCfg = Debug|Any CPU
		{87FBCEE6-05F6-4DA6-B706-79CD0FACA52D}.Debug|Any CPU.Build.0 = Debug|Any CPU
		{87FBCEE6-05F6-4DA6-B706-79CD0FACA52D}.Release|Any CPU.ActiveCfg = Release|Any CPU
		{87FBCEE6-05F6-4DA6-B706-79CD0FACA52D}.Release|Any CPU.Build.0 = Release|Any CPU
		{27752073-B3D0-4355-A070-AA6C3D857F55}.Debug|Any CPU.ActiveCfg = Debug|Any CPU
		{27752073-B3D0-4355-A070-AA6C3D857F55}.Debug|Any CPU.Build.0 = Debug|Any CPU
		{27752073-B3D0-4355-A070-AA6C3D857F55}.Release|Any CPU.ActiveCfg = Release|Any CPU
		{27752073-B3D0-4355-A070-AA6C3D857F55}.Release|Any CPU.Build.0 = Release|Any CPU
		{2E8FCD46-0A65-47D1-BC6F-512217EB292A}.Debug|Any CPU.ActiveCfg = Debug|Any CPU
		{2E8FCD46-0A65-47D1-BC6F-512217EB292A}.Debug|Any CPU.Build.0 = Debug|Any CPU
		{2E8FCD46-0A65-47D1-BC6F-512217EB292A}.Release|Any CPU.ActiveCfg = Release|Any CPU
		{2E8FCD46-0A65-47D1-BC6F-512217EB292A}.Release|Any CPU.Build.0 = Release|Any CPU
		{09726E26-AF2C-4D8F-97E4-96DF82BFE31B}.Debug|Any CPU.ActiveCfg = Debug|Any CPU
		{09726E26-AF2C-4D8F-97E4-96DF82BFE31B}.Debug|Any CPU.Build.0 = Debug|Any CPU
		{09726E26-AF2C-4D8F-97E4-96DF82BFE31B}.Release|Any CPU.ActiveCfg = Release|Any CPU
		{09726E26-AF2C-4D8F-97E4-96DF82BFE31B}.Release|Any CPU.Build.0 = Release|Any CPU
		{CC20F2D3-0F97-4D8A-9749-B14DBF5F315A}.Debug|Any CPU.ActiveCfg = Debug|Any CPU
		{CC20F2D3-0F97-4D8A-9749-B14DBF5F315A}.Debug|Any CPU.Build.0 = Debug|Any CPU
		{CC20F2D3-0F97-4D8A-9749-B14DBF5F315A}.Release|Any CPU.ActiveCfg = Release|Any CPU
		{CC20F2D3-0F97-4D8A-9749-B14DBF5F315A}.Release|Any CPU.Build.0 = Release|Any CPU
	EndGlobalSection
	GlobalSection(SolutionProperties) = preSolution
		HideSolutionNode = FALSE
	EndGlobalSection
	GlobalSection(ExtensibilityGlobals) = postSolution
		SolutionGuid = {2C1AD8A9-59EA-41C9-BC84-09907BBA6D77}
	EndGlobalSection
EndGlobal
